
Microsoft Visual Studio Solution File, Format Version 12.00
# Visual Studio 15
VisualStudioVersion = 15.0.26403.7
MinimumVisualStudioVersion = 10.0.40219.1
Project("{9A19103F-16F7-4668-BE54-9A1E7A4F7556}") = "PalaverCore", "PalaverCore.csproj", "{5FCF4796-697D-4BFD-9A44-27C3FADF6118}"
EndProject
Global
	GlobalSection(SolutionConfigurationPlatforms) = preSolution
		Debug|x64 = Debug|x64
		Release|x64 = Release|x64
	EndGlobalSection
	GlobalSection(ProjectConfigurationPlatforms) = postSolution
		{5FCF4796-697D-4BFD-9A44-27C3FADF6118}.Debug|x64.ActiveCfg = Debug|x64
		{5FCF4796-697D-4BFD-9A44-27C3FADF6118}.Debug|x64.Build.0 = Debug|x64
		{5FCF4796-697D-4BFD-9A44-27C3FADF6118}.Debug|x64.Deploy.0 = Debug|x64
		{5FCF4796-697D-4BFD-9A44-27C3FADF6118}.Release|x64.ActiveCfg = Release|x64
		{5FCF4796-697D-4BFD-9A44-27C3FADF6118}.Release|x64.Build.0 = Release|x64
	EndGlobalSection
	GlobalSection(SolutionProperties) = preSolution
		HideSolutionNode = FALSE
	EndGlobalSection
EndGlobal
